
Microsoft Visual Studio Solution File, Format Version 12.00
# Visual Studio Version 16
VisualStudioVersion = 16.0.29926.136
MinimumVisualStudioVersion = 10.0.40219.1
Project("{FAE04EC0-301F-11D3-BF4B-00C04F79EFBC}") = "LAB 8", "LAB 8\LAB 8.csproj", "{4FE2A1A2-BD67-4201-A217-A371439C6111}"
EndProject
Global
	GlobalSection(SolutionConfigurationPlatforms) = preSolution
		Debug|Any CPU = Debug|Any CPU
		Release|Any CPU = Release|Any CPU
	EndGlobalSection
	GlobalSection(ProjectConfigurationPlatforms) = postSolution
		{4FE2A1A2-BD67-4201-A217-A371439C6111}.Debug|Any CPU.ActiveCfg = Debug|Any CPU
		{4FE2A1A2-BD67-4201-A217-A371439C6111}.Debug|Any CPU.Build.0 = Debug|Any CPU
		{4FE2A1A2-BD67-4201-A217-A371439C6111}.Release|Any CPU.ActiveCfg = Release|Any CPU
		{4FE2A1A2-BD67-4201-A217-A371439C6111}.Release|Any CPU.Build.0 = Release|Any CPU
	EndGlobalSection
	GlobalSection(SolutionProperties) = preSolution
		HideSolutionNode = FALSE
	EndGlobalSection
	GlobalSection(ExtensibilityGlobals) = postSolution
		SolutionGuid = {F4D33A35-30F0-44F6-8C31-288DD4ACC0A6}
	EndGlobalSection
EndGlobal
